
Microsoft Visual Studio Solution File, Format Version 12.00
# Visual Studio Version 16
VisualStudioVersion = 16.0.31624.102
MinimumVisualStudioVersion = 10.0.40219.1
Project("{FAE04EC0-301F-11D3-BF4B-00C04F79EFBC}") = "AIS_LAB", "AIS_LAB.csproj", "{D86864DC-278A-4DFB-891E-32B70E855EF2}"
EndProject
Global
	GlobalSection(SolutionConfigurationPlatforms) = preSolution
		Debug|Any CPU = Debug|Any CPU
		Release|Any CPU = Release|Any CPU
	EndGlobalSection
	GlobalSection(ProjectConfigurationPlatforms) = postSolution
		{D86864DC-278A-4DFB-891E-32B70E855EF2}.Debug|Any CPU.ActiveCfg = Debug|Any CPU
		{D86864DC-278A-4DFB-891E-32B70E855EF2}.Debug|Any CPU.Build.0 = Debug|Any CPU
		{D86864DC-278A-4DFB-891E-32B70E855EF2}.Release|Any CPU.ActiveCfg = Release|Any CPU
		{D86864DC-278A-4DFB-891E-32B70E855EF2}.Release|Any CPU.Build.0 = Release|Any CPU
	EndGlobalSection
	GlobalSection(SolutionProperties) = preSolution
		HideSolutionNode = FALSE
	EndGlobalSection
	GlobalSection(ExtensibilityGlobals) = postSolution
		SolutionGuid = {12837880-CD73-468F-A9EA-2EA7A7C87247}
	EndGlobalSection
EndGlobal
